
Microsoft Visual Studio Solution File, Format Version 12.00
# Visual Studio 2012
Project("{FAE04EC0-301F-11D3-BF4B-00C04F79EFBC}") = "Naxam.RxJava2.Droid", "Naxam.RxJava2.Droid\Naxam.RxJava2.Droid.csproj", "{4ED73F16-DA29-4778-B8A7-36A4DB802D01}"
EndProject
Project("{2150E333-8FDC-42A3-9474-1A3956D46DE8}") = "demo", "demo", "{C8825D0C-1002-44DB-853B-42A7F99354D2}"
EndProject
Project("{FAE04EC0-301F-11D3-BF4B-00C04F79EFBC}") = "RxJava2Qs", "demo\RxJava2Qs\RxJava2Qs.csproj", "{5F0D2489-E4DD-422C-AC6D-8920EAD69768}"
EndProject
Global
	GlobalSection(SolutionConfigurationPlatforms) = preSolution
		Debug|Any CPU = Debug|Any CPU
		Release|Any CPU = Release|Any CPU
	EndGlobalSection
	GlobalSection(ProjectConfigurationPlatforms) = postSolution
		{4ED73F16-DA29-4778-B8A7-36A4DB802D01}.Debug|Any CPU.ActiveCfg = Debug|Any CPU
		{4ED73F16-DA29-4778-B8A7-36A4DB802D01}.Debug|Any CPU.Build.0 = Debug|Any CPU
		{4ED73F16-DA29-4778-B8A7-36A4DB802D01}.Release|Any CPU.ActiveCfg = Release|Any CPU
		{4ED73F16-DA29-4778-B8A7-36A4DB802D01}.Release|Any CPU.Build.0 = Release|Any CPU
		{5F0D2489-E4DD-422C-AC6D-8920EAD69768}.Debug|Any CPU.ActiveCfg = Debug|Any CPU
		{5F0D2489-E4DD-422C-AC6D-8920EAD69768}.Debug|Any CPU.Build.0 = Debug|Any CPU
		{5F0D2489-E4DD-422C-AC6D-8920EAD69768}.Release|Any CPU.ActiveCfg = Release|Any CPU
		{5F0D2489-E4DD-422C-AC6D-8920EAD69768}.Release|Any CPU.Build.0 = Release|Any CPU
	EndGlobalSection
	GlobalSection(NestedProjects) = preSolution
		{5F0D2489-E4DD-422C-AC6D-8920EAD69768} = {C8825D0C-1002-44DB-853B-42A7F99354D2}
	EndGlobalSection
EndGlobal
